// !$*UTF8*$!
{
	archiveVersion = 1;
	classes = {
	};
	objectVersion = 50;
	objects = {

/* Begin PBXBuildFile section */
		224F174E20766046008B1F61 /* AppDelegate.swift in Sources */ = {isa = PBXBuildFile; fileRef = 224F174D20766046008B1F61 /* AppDelegate.swift */; };
		224F175020766046008B1F61 /* ViewController.swift in Sources */ = {isa = PBXBuildFile; fileRef = 224F174F20766046008B1F61 /* ViewController.swift */; };
		224F175320766046008B1F61 /* Main.storyboard in Resources */ = {isa = PBXBuildFile; fileRef = 224F175120766046008B1F61 /* Main.storyboard */; };
		224F175520766046008B1F61 /* Assets.xcassets in Resources */ = {isa = PBXBuildFile; fileRef = 224F175420766046008B1F61 /* Assets.xcassets */; };
		224F175820766046008B1F61 /* LaunchScreen.storyboard in Resources */ = {isa = PBXBuildFile; fileRef = 224F175620766046008B1F61 /* LaunchScreen.storyboard */; };
		224F176320766046008B1F61 /* CPqDASRDemoTests.swift in Sources */ = {isa = PBXBuildFile; fileRef = 224F176220766046008B1F61 /* CPqDASRDemoTests.swift */; };
		224F17A2207683AC008B1F61 /* CPqDASR.framework in Frameworks */ = {isa = PBXBuildFile; fileRef = 224F17A0207683A6008B1F61 /* CPqDASR.framework */; };
		224F17A3207683AC008B1F61 /* CPqDASR.framework in Embed Frameworks */ = {isa = PBXBuildFile; fileRef = 224F17A0207683A6008B1F61 /* CPqDASR.framework */; settings = {ATTRIBUTES = (CodeSignOnCopy, RemoveHeadersOnCopy, ); }; };
		22C22844209B33B0004EE4B9 /* RecognizeButton.swift in Sources */ = {isa = PBXBuildFile; fileRef = 22C22843209B33B0004EE4B9 /* RecognizeButton.swift */; };
/* End PBXBuildFile section */

/* Begin PBXContainerItemProxy section */
		224F175F20766046008B1F61 /* PBXContainerItemProxy */ = {
			isa = PBXContainerItemProxy;
			containerPortal = 224F174220766046008B1F61 /* Project object */;
			proxyType = 1;
			remoteGlobalIDString = 224F174920766046008B1F61;
			remoteInfo = CPqDASRDemo;
		};
/* End PBXContainerItemProxy section */

/* Begin PBXCopyFilesBuildPhase section */
		224F17972076827B008B1F61 /* Embed Frameworks */ = {
			isa = PBXCopyFilesBuildPhase;
			buildActionMask = 2147483647;
			dstPath = "";
			dstSubfolderSpec = 10;
			files = (
				224F17A3207683AC008B1F61 /* CPqDASR.framework in Embed Frameworks */,
			);
			name = "Embed Frameworks";
			runOnlyForDeploymentPostprocessing = 0;
		};
/* End PBXCopyFilesBuildPhase section */

/* Begin PBXFileReference section */
		224F174A20766046008B1F61 /* CPqDASRDemo.app */ = {isa = PBXFileReference; explicitFileType = wrapper.application; includeInIndex = 0; path = CPqDASRDemo.app; sourceTree = BUILT_PRODUCTS_DIR; };
		224F174D20766046008B1F61 /* AppDelegate.swift */ = {isa = PBXFileReference; lastKnownFileType = sourcecode.swift; path = AppDelegate.swift; sourceTree = "<group>"; };
		224F174F20766046008B1F61 /* ViewController.swift */ = {isa = PBXFileReference; lastKnownFileType = sourcecode.swift; path = ViewController.swift; sourceTree = "<group>"; };
		224F175220766046008B1F61 /* Base */ = {isa = PBXFileReference; lastKnownFileType = file.storyboard; name = Base; path = Base.lproj/Main.storyboard; sourceTree = "<group>"; };
		224F175420766046008B1F61 /* Assets.xcassets */ = {isa = PBXFileReference; lastKnownFileType = folder.assetcatalog; path = Assets.xcassets; sourceTree = "<group>"; };
		224F175720766046008B1F61 /* Base */ = {isa = PBXFileReference; lastKnownFileType = file.storyboard; name = Base; path = Base.lproj/LaunchScreen.storyboard; sourceTree = "<group>"; };
		224F175920766046008B1F61 /* Info.plist */ = {isa = PBXFileReference; lastKnownFileType = text.plist.xml; path = Info.plist; sourceTree = "<group>"; };
		224F175E20766046008B1F61 /* CPqDASRDemoTests.xctest */ = {isa = PBXFileReference; explicitFileType = wrapper.cfbundle; includeInIndex = 0; path = CPqDASRDemoTests.xctest; sourceTree = BUILT_PRODUCTS_DIR; };
		224F176220766046008B1F61 /* CPqDASRDemoTests.swift */ = {isa = PBXFileReference; lastKnownFileType = sourcecode.swift; path = CPqDASRDemoTests.swift; sourceTree = "<group>"; };
		224F176420766046008B1F61 /* Info.plist */ = {isa = PBXFileReference; lastKnownFileType = text.plist.xml; path = Info.plist; sourceTree = "<group>"; };
		224F17A0207683A6008B1F61 /* CPqDASR.framework */ = {isa = PBXFileReference; lastKnownFileType = wrapper.framework; path = CPqDASR.framework; sourceTree = "<group>"; };
		22C22843209B33B0004EE4B9 /* RecognizeButton.swift */ = {isa = PBXFileReference; lastKnownFileType = sourcecode.swift; path = RecognizeButton.swift; sourceTree = "<group>"; };
/* End PBXFileReference section */

/* Begin PBXFrameworksBuildPhase section */
		224F174720766046008B1F61 /* Frameworks */ = {
			isa = PBXFrameworksBuildPhase;
			buildActionMask = 2147483647;
			files = (
				224F17A2207683AC008B1F61 /* CPqDASR.framework in Frameworks */,
			);
			runOnlyForDeploymentPostprocessing = 0;
		};
		224F175B20766046008B1F61 /* Frameworks */ = {
			isa = PBXFrameworksBuildPhase;
			buildActionMask = 2147483647;
			files = (
			);
			runOnlyForDeploymentPostprocessing = 0;
		};
/* End PBXFrameworksBuildPhase section */

/* Begin PBXGroup section */
		224F174120766046008B1F61 = {
			isa = PBXGroup;
			children = (
				224F174C20766046008B1F61 /* CPqDASRDemo */,
				224F176120766046008B1F61 /* CPqDASRDemoTests */,
				224F174B20766046008B1F61 /* Products */,
			);
			sourceTree = "<group>";
		};
		224F174B20766046008B1F61 /* Products */ = {
			isa = PBXGroup;
			children = (
				224F174A20766046008B1F61 /* CPqDASRDemo.app */,
				224F175E20766046008B1F61 /* CPqDASRDemoTests.xctest */,
			);
			name = Products;
			sourceTree = "<group>";
		};
		224F174C20766046008B1F61 /* CPqDASRDemo */ = {
			isa = PBXGroup;
			children = (
				224F17A0207683A6008B1F61 /* CPqDASR.framework */,
				224F174D20766046008B1F61 /* AppDelegate.swift */,
				224F174F20766046008B1F61 /* ViewController.swift */,
				224F175120766046008B1F61 /* Main.storyboard */,
				224F175420766046008B1F61 /* Assets.xcassets */,
				224F175620766046008B1F61 /* LaunchScreen.storyboard */,
				224F175920766046008B1F61 /* Info.plist */,
				22C22843209B33B0004EE4B9 /* RecognizeButton.swift */,
			);
			path = CPqDASRDemo;
			sourceTree = "<group>";
		};
		224F176120766046008B1F61 /* CPqDASRDemoTests */ = {
			isa = PBXGroup;
			children = (
				224F176220766046008B1F61 /* CPqDASRDemoTests.swift */,
				224F176420766046008B1F61 /* Info.plist */,
			);
			path = CPqDASRDemoTests;
			sourceTree = "<group>";
		};
/* End PBXGroup section */

/* Begin PBXNativeTarget section */
		224F174920766046008B1F61 /* CPqDASRDemo */ = {
			isa = PBXNativeTarget;
			buildConfigurationList = 224F176720766046008B1F61 /* Build configuration list for PBXNativeTarget "CPqDASRDemo" */;
			buildPhases = (
				224F174620766046008B1F61 /* Sources */,
				224F174720766046008B1F61 /* Frameworks */,
				224F174820766046008B1F61 /* Resources */,
				224F17972076827B008B1F61 /* Embed Frameworks */,
			);
			buildRules = (
			);
			dependencies = (
			);
			name = CPqDASRDemo;
			productName = CPqDASRDemo;
			productReference = 224F174A20766046008B1F61 /* CPqDASRDemo.app */;
			productType = "com.apple.product-type.application";
		};
		224F175D20766046008B1F61 /* CPqDASRDemoTests */ = {
			isa = PBXNativeTarget;
			buildConfigurationList = 224F176A20766046008B1F61 /* Build configuration list for PBXNativeTarget "CPqDASRDemoTests" */;
			buildPhases = (
				224F175A20766046008B1F61 /* Sources */,
				224F175B20766046008B1F61 /* Frameworks */,
				224F175C20766046008B1F61 /* Resources */,
			);
			buildRules = (
			);
			dependencies = (
				224F176020766046008B1F61 /* PBXTargetDependency */,
			);
			name = CPqDASRDemoTests;
			productName = CPqDASRDemoTests;
			productReference = 224F175E20766046008B1F61 /* CPqDASRDemoTests.xctest */;
			productType = "com.apple.product-type.bundle.unit-test";
		};
/* End PBXNativeTarget section */

/* Begin PBXProject section */
		224F174220766046008B1F61 /* Project object */ = {
			isa = PBXProject;
			attributes = {
				LastSwiftUpdateCheck = 0930;
				LastUpgradeCheck = 0930;
				ORGANIZATIONNAME = CPqD;
				TargetAttributes = {
					224F174920766046008B1F61 = {
						CreatedOnToolsVersion = 9.3;
					};
					224F175D20766046008B1F61 = {
						CreatedOnToolsVersion = 9.3;
						TestTargetID = 224F174920766046008B1F61;
					};
				};
			};
			buildConfigurationList = 224F174520766046008B1F61 /* Build configuration list for PBXProject "CPqDASRDemo" */;
			compatibilityVersion = "Xcode 9.3";
			developmentRegion = en;
			hasScannedForEncodings = 0;
			knownRegions = (
				en,
				Base,
			);
			mainGroup = 224F174120766046008B1F61;
			productRefGroup = 224F174B20766046008B1F61 /* Products */;
			projectDirPath = "";
			projectRoot = "";
			targets = (
				224F174920766046008B1F61 /* CPqDASRDemo */,
				224F175D20766046008B1F61 /* CPqDASRDemoTests */,
			);
		};
/* End PBXProject section */

/* Begin PBXResourcesBuildPhase section */
		224F174820766046008B1F61 /* Resources */ = {
			isa = PBXResourcesBuildPhase;
			buildActionMask = 2147483647;
			files = (
				224F175820766046008B1F61 /* LaunchScreen.storyboard in Resources */,
				224F175520766046008B1F61 /* Assets.xcassets in Resources */,
				224F175320766046008B1F61 /* Main.storyboard in Resources */,
			);
			runOnlyForDeploymentPostprocessing = 0;
		};
		224F175C20766046008B1F61 /* Resources */ = {
			isa = PBXResourcesBuildPhase;
			buildActionMask = 2147483647;
			files = (
			);
			runOnlyForDeploymentPostprocessing = 0;
		};
/* End PBXResourcesBuildPhase section */

/* Begin PBXSourcesBuildPhase section */
		224F174620766046008B1F61 /* Sources */ = {
			isa = PBXSourcesBuildPhase;
			buildActionMask = 2147483647;
			files = (
				224F175020766046008B1F61 /* ViewController.swift in Sources */,
				224F174E20766046008B1F61 /* AppDelegate.swift in Sources */,
				22C22844209B33B0004EE4B9 /* RecognizeButton.swift in Sources */,
			);
			runOnlyForDeploymentPostprocessing = 0;
		};
		224F175A20766046008B1F61 /* Sources */ = {
			isa = PBXSourcesBuildPhase;
			buildActionMask = 2147483647;
			files = (
				224F176320766046008B1F61 /* CPqDASRDemoTests.swift in Sources */,
			);
			runOnlyForDeploymentPostprocessing = 0;
		};
/* End PBXSourcesBuildPhase section */

/* Begin PBXTargetDependency section */
		224F176020766046008B1F61 /* PBXTargetDependency */ = {
			isa = PBXTargetDependency;
			target = 224F174920766046008B1F61 /* CPqDASRDemo */;
			targetProxy = 224F175F20766046008B1F61 /* PBXContainerItemProxy */;
		};
/* End PBXTargetDependency section */

/* Begin PBXVariantGroup section */
		224F175120766046008B1F61 /* Main.storyboard */ = {
			isa = PBXVariantGroup;
			children = (
				224F175220766046008B1F61 /* Base */,
			);
			name = Main.storyboard;
			sourceTree = "<group>";
		};
		224F175620766046008B1F61 /* LaunchScreen.storyboard */ = {
			isa = PBXVariantGroup;
			children = (
				224F175720766046008B1F61 /* Base */,
			);
			name = LaunchScreen.storyboard;
			sourceTree = "<group>";
		};
/* End PBXVariantGroup section */

/* Begin XCBuildConfiguration section */
		224F176520766046008B1F61 /* Debug */ = {
			isa = XCBuildConfiguration;
			buildSettings = {
				ALWAYS_SEARCH_USER_PATHS = NO;
				CLANG_ANALYZER_NONNULL = YES;
				CLANG_ANALYZER_NUMBER_OBJECT_CONVERSION = YES_AGGRESSIVE;
				CLANG_CXX_LANGUAGE_STANDARD = "gnu++14";
				CLANG_CXX_LIBRARY = "libc++";
				CLANG_ENABLE_MODULES = YES;
				CLANG_ENABLE_OBJC_ARC = YES;
				CLANG_ENABLE_OBJC_WEAK = YES;
				CLANG_WARN_BLOCK_CAPTURE_AUTORELEASING = YES;
				CLANG_WARN_BOOL_CONVERSION = YES;
				CLANG_WARN_COMMA = YES;
				CLANG_WARN_CONSTANT_CONVERSION = YES;
				CLANG_WARN_DEPRECATED_OBJC_IMPLEMENTATIONS = YES;
				CLANG_WARN_DIRECT_OBJC_ISA_USAGE = YES_ERROR;
				CLANG_WARN_DOCUMENTATION_COMMENTS = YES;
				CLANG_WARN_EMPTY_BODY = YES;
				CLANG_WARN_ENUM_CONVERSION = YES;
				CLANG_WARN_INFINITE_RECURSION = YES;
				CLANG_WARN_INT_CONVERSION = YES;
				CLANG_WARN_NON_LITERAL_NULL_CONVERSION = YES;
				CLANG_WARN_OBJC_IMPLICIT_RETAIN_SELF = YES;
				CLANG_WARN_OBJC_LITERAL_CONVERSION = YES;
				CLANG_WARN_OBJC_ROOT_CLASS = YES_ERROR;
				CLANG_WARN_RANGE_LOOP_ANALYSIS = YES;
				CLANG_WARN_STRICT_PROTOTYPES = YES;
				CLANG_WARN_SUSPICIOUS_MOVE = YES;
				CLANG_WARN_UNGUARDED_AVAILABILITY = YES_AGGRESSIVE;
				CLANG_WARN_UNREACHABLE_CODE = YES;
				CLANG_WARN__DUPLICATE_METHOD_MATCH = YES;
				CODE_SIGN_IDENTITY = "iPhone Developer";
				COPY_PHASE_STRIP = NO;
				DEBUG_INFORMATION_FORMAT = dwarf;
				ENABLE_STRICT_OBJC_MSGSEND = YES;
				ENABLE_TESTABILITY = YES;
				GCC_C_LANGUAGE_STANDARD = gnu11;
				GCC_DYNAMIC_NO_PIC = NO;
				GCC_NO_COMMON_BLOCKS = YES;
				GCC_OPTIMIZATION_LEVEL = 0;
				GCC_PREPROCESSOR_DEFINITIONS = (
					"DEBUG=1",
					"$(inherited)",
				);
				GCC_WARN_64_TO_32_BIT_CONVERSION = YES;
				GCC_WARN_ABOUT_RETURN_TYPE = YES_ERROR;
				GCC_WARN_UNDECLARED_SELECTOR = YES;
				GCC_WARN_UNINITIALIZED_AUTOS = YES_AGGRESSIVE;
				GCC_WARN_UNUSED_FUNCTION = YES;
				GCC_WARN_UNUSED_VARIABLE = YES;
				IPHONEOS_DEPLOYMENT_TARGET = 11.3;
				MTL_ENABLE_DEBUG_INFO = YES;
				ONLY_ACTIVE_ARCH = YES;
				SDKROOT = iphoneos;
				SWIFT_ACTIVE_COMPILATION_CONDITIONS = DEBUG;
				SWIFT_OPTIMIZATION_LEVEL = "-Onone";
			};
			name = Debug;
		};
		224F176620766046008B1F61 /* Release */ = {
			isa = XCBuildConfiguration;
			buildSettings = {
				ALWAYS_SEARCH_USER_PATHS = NO;
				CLANG_ANALYZER_NONNULL = YES;
				CLANG_ANALYZER_NUMBER_OBJECT_CONVERSION = YES_AGGRESSIVE;
				CLANG_CXX_LANGUAGE_STANDARD = "gnu++14";
				CLANG_CXX_LIBRARY = "libc++";
				CLANG_ENABLE_MODULES = YES;
				CLANG_ENABLE_OBJC_ARC = YES;
				CLANG_ENABLE_OBJC_WEAK = YES;
				CLANG_WARN_BLOCK_CAPTURE_AUTORELEASING = YES;
				CLANG_WARN_BOOL_CONVERSION = YES;
				CLANG_WARN_COMMA = YES;
				CLANG_WARN_CONSTANT_CONVERSION = YES;
				CLANG_WARN_DEPRECATED_OBJC_IMPLEMENTATIONS = YES;
				CLANG_WARN_DIRECT_OBJC_ISA_USAGE = YES_ERROR;
				CLANG_WARN_DOCUMENTATION_COMMENTS = YES;
				CLANG_WARN_EMPTY_BODY = YES;
				CLANG_WARN_ENUM_CONVERSION = YES;
				CLANG_WARN_INFINITE_RECURSION = YES;
				CLANG_WARN_INT_CONVERSION = YES;
				CLANG_WARN_NON_LITERAL_NULL_CONVERSION = YES;
				CLANG_WARN_OBJC_IMPLICIT_RETAIN_SELF = YES;
				CLANG_WARN_OBJC_LITERAL_CONVERSION = YES;
				CLANG_WARN_OBJC_ROOT_CLASS = YES_ERROR;
				CLANG_WARN_RANGE_LOOP_ANALYSIS = YES;
				CLANG_WARN_STRICT_PROTOTYPES = YES;
				CLANG_WARN_SUSPICIOUS_MOVE = YES;
				CLANG_WARN_UNGUARDED_AVAILABILITY = YES_AGGRESSIVE;
				CLANG_WARN_UNREACHABLE_CODE = YES;
				CLANG_WARN__DUPLICATE_METHOD_MATCH = YES;
				CODE_SIGN_IDENTITY = "iPhone Developer";
				COPY_PHASE_STRIP = NO;
				DEBUG_INFORMATION_FORMAT = "dwarf-with-dsym";
				ENABLE_NS_ASSERTIONS = NO;
				ENABLE_STRICT_OBJC_MSGSEND = YES;
				GCC_C_LANGUAGE_STANDARD = gnu11;
				GCC_NO_COMMON_BLOCKS = YES;
				GCC_WARN_64_TO_32_BIT_CONVERSION = YES;
				GCC_WARN_ABOUT_RETURN_TYPE = YES_ERROR;
				GCC_WARN_UNDECLARED_SELECTOR = YES;
				GCC_WARN_UNINITIALIZED_AUTOS = YES_AGGRESSIVE;
				GCC_WARN_UNUSED_FUNCTION = YES;
				GCC_WARN_UNUSED_VARIABLE = YES;
				IPHONEOS_DEPLOYMENT_TARGET = 11.3;
				MTL_ENABLE_DEBUG_INFO = NO;
				SDKROOT = iphoneos;
				SWIFT_COMPILATION_MODE = wholemodule;
				SWIFT_OPTIMIZATION_LEVEL = "-O";
				VALIDATE_PRODUCT = YES;
			};
			name = Release;
		};
		224F176820766046008B1F61 /* Debug */ = {
			isa = XCBuildConfiguration;
			buildSettings = {
				ASSETCATALOG_COMPILER_APPICON_NAME = AppIcon;
				CODE_SIGN_STYLE = Manual;
				DEVELOPMENT_TEAM = 33VPWTBFE7;
				FRAMEWORK_SEARCH_PATHS = (
					"$(inherited)",
					"$(PROJECT_DIR)/CPqDASRDemo",
				);
				INFOPLIST_FILE = CPqDASRDemo/Info.plist;
				IPHONEOS_DEPLOYMENT_TARGET = 8.1;
				LD_RUNPATH_SEARCH_PATHS = (
					"$(inherited)",
					"@executable_path/Frameworks",
				);
				PRODUCT_BUNDLE_IDENTIFIER = br.com.cpqd.CPqDASRDemo;
				PRODUCT_NAME = "$(TARGET_NAME)";
				PROVISIONING_PROFILE = "71d7e5ba-7111-4860-8a88-702b4f7bcca3";
				PROVISIONING_PROFILE_SPECIFIER = AppsCPqDDevelopment;
				SWIFT_VERSION = 4.0;
				TARGETED_DEVICE_FAMILY = "1,2";
			};
			name = Debug;
		};
		224F176920766046008B1F61 /* Release */ = {
			isa = XCBuildConfiguration;
			buildSettings = {
				ASSETCATALOG_COMPILER_APPICON_NAME = AppIcon;
				CODE_SIGN_STYLE = Manual;
				DEVELOPMENT_TEAM = "";
				FRAMEWORK_SEARCH_PATHS = (
					"$(inherited)",
					"$(PROJECT_DIR)/CPqDASRDemo",
				);
				INFOPLIST_FILE = CPqDASRDemo/Info.plist;
				IPHONEOS_DEPLOYMENT_TARGET = 8.1;
				LD_RUNPATH_SEARCH_PATHS = (
					"$(inherited)",
					"@executable_path/Frameworks",
				);
				PRODUCT_BUNDLE_IDENTIFIER = br.com.cpqd.CPqDASRDemo;
				PRODUCT_NAME = "$(TARGET_NAME)";
				PROVISIONING_PROFILE_SPECIFIER = "";
				SWIFT_VERSION = 4.0;
				TARGETED_DEVICE_FAMILY = "1,2";
			};
			name = Release;
		};
		224F176B20766046008B1F61 /* Debug */ = {
			isa = XCBuildConfiguration;
			buildSettings = {
				ALWAYS_EMBED_SWIFT_STANDARD_LIBRARIES = YES;
				BUNDLE_LOADER = "$(TEST_HOST)";
				CODE_SIGN_STYLE = Automatic;
				DEVELOPMENT_TEAM = 5S6ZDK2JZ5;
				INFOPLIST_FILE = CPqDASRDemoTests/Info.plist;
				LD_RUNPATH_SEARCH_PATHS = (
					"$(inherited)",
					"@executable_path/Frameworks",
					"@loader_path/Frameworks",
				);
				PRODUCT_BUNDLE_IDENTIFIER = br.com.cpqd.CPqDASRDemoTests;
				PRODUCT_NAME = "$(TARGET_NAME)";
				SWIFT_VERSION = 4.0;
				TARGETED_DEVICE_FAMILY = "1,2";
				TEST_HOST = "$(BUILT_PRODUCTS_DIR)/CPqDASRDemo.app/CPqDASRDemo";
			};
			name = Debug;
		};
		224F176C20766046008B1F61 /* Release */ = {
			isa = XCBuildConfiguration;
			buildSettings = {
				ALWAYS_EMBED_SWIFT_STANDARD_LIBRARIES = YES;
				BUNDLE_LOADER = "$(TEST_HOST)";
				CODE_SIGN_STYLE = Automatic;
				DEVELOPMENT_TEAM = 5S6ZDK2JZ5;
				INFOPLIST_FILE = CPqDASRDemoTests/Info.plist;
				LD_RUNPATH_SEARCH_PATHS = (
					"$(inherited)",
					"@executable_path/Frameworks",
					"@loader_path/Frameworks",
				);
				PRODUCT_BUNDLE_IDENTIFIER = br.com.cpqd.CPqDASRDemoTests;
				PRODUCT_NAME = "$(TARGET_NAME)";
				SWIFT_VERSION = 4.0;
				TARGETED_DEVICE_FAMILY = "1,2";
				TEST_HOST = "$(BUILT_PRODUCTS_DIR)/CPqDASRDemo.app/CPqDASRDemo";
			};
			name = Release;
		};
/* End XCBuildConfiguration section */

/* Begin XCConfigurationList section */
		224F174520766046008B1F61 /* Build configuration list for PBXProject "CPqDASRDemo" */ = {
			isa = XCConfigurationList;
			buildConfigurations = (
				224F176520766046008B1F61 /* Debug */,
				224F176620766046008B1F61 /* Release */,
			);
			defaultConfigurationIsVisible = 0;
			defaultConfigurationName = Release;
		};
		224F176720766046008B1F61 /* Build configuration list for PBXNativeTarget "CPqDASRDemo" */ = {
			isa = XCConfigurationList;
			buildConfigurations = (
				224F176820766046008B1F61 /* Debug */,
				224F176920766046008B1F61 /* Release */,
			);
			defaultConfigurationIsVisible = 0;
			defaultConfigurationName = Release;
		};
		224F176A20766046008B1F61 /* Build configuration list for PBXNativeTarget "CPqDASRDemoTests" */ = {
			isa = XCConfigurationList;
			buildConfigurations = (
				224F176B20766046008B1F61 /* Debug */,
				224F176C20766046008B1F61 /* Release */,
			);
			defaultConfigurationIsVisible = 0;
			defaultConfigurationName = Release;
		};
/* End XCConfigurationList section */
	};
	rootObject = 224F174220766046008B1F61 /* Project object */;
}
